<?xml version="1.0" encoding="utf-8"?>
<Project ToolsVersion="4.0" xmlns="http://schemas.microsoft.com/developer/msbuild/2003">
  <ItemGroup>
    <Filter Include="Resources">
      <UniqueIdentifier>{67DA6AB6-F800-4c08-8B7A-83BB121AAD01}</UniqueIdentifier>
      <Extensions>rc;ico;cur;bmp;dlg;rc2;rct;bin;rgs;gif;jpg;jpeg;jpe;resx;tiff;tif;png;wav;mfcribbon-ms</Extensions>
    </Filter>
    <Filter Include="Source">
      <UniqueIdentifier>{273dac73-0d70-469d-b44e-0402bce75d8d}</UniqueIdentifier>
    </Filter>
    <Filter Include="Source\Private">
      <UniqueIdentifier>{4FC737F1-C7A5-4376-A066-2A32D752A2FF}</UniqueIdentifier>
      <Extensions>cpp;c;cc;cxx;c++;cppm;ixx;def;odl;idl;hpj;bat;asm;asmx</Extensions>
    </Filter>
    <Filter Include="Source\Public">
      <UniqueIdentifier>{93995380-89BD-4b04-88EB-625FBE52EBFB}</UniqueIdentifier>
      <Extensions>h;hh;hpp;hxx;h++;hm;inl;inc;ipp;xsd</Extensions>
    </Filter>
    <Filter Include="Source\pch">
      <UniqueIdentifier>{fc85d4c0-3529-4b13-abab-f29f831d7f8e}</UniqueIdentifier>
    </Filter>
    <Filter Include="Source\Private\Platform">
      <UniqueIdentifier>{e43d0a06-42c8-4a52-aad6-7fbb19240c78}</UniqueIdentifier>
    </Filter>
    <Filter Include="Source\Private\Platform\WIN32">
      <UniqueIdentifier>{2791de3e-a669-413f-8cef-1363af397646}</UniqueIdentifier>
    </Filter>
    <Filter Include="Source\Public\Platform">
      <UniqueIdentifier>{3181780e-cbe0-4c60-9dfb-746052e62a0f}</UniqueIdentifier>
    </Filter>
    <Filter Include="Source\Public\Platform\WIN32">
      <UniqueIdentifier>{1f31d69b-92b6-4d58-aa8d-8abfaf415e90}</UniqueIdentifier>
    </Filter>
  </ItemGroup>
  <ItemGroup>
    <ClCompile Include="Source\Misli.cpp">
      <Filter>Source\pch</Filter>
    </ClCompile>
    <ClCompile Include="Source\Platform\WIN32\IApplication.cpp">
      <Filter>Source\Private\Platform\WIN32</Filter>
    </ClCompile>
  </ItemGroup>
  <ItemGroup>
    <ClInclude Include="Source\Misli.h">
      <Filter>Source\pch</Filter>
    </ClInclude>
    <ClInclude Include="Source\Platform\WIN32\IApplication.h">
      <Filter>Source\Public\Platform\WIN32</Filter>
    </ClInclude>
    <ClInclude Include="Source\Platform\WIN32\WinEntry.h">
      <Filter>Source\Public\Platform\WIN32</Filter>
    </ClInclude>
  </ItemGroup>
</Project>